
Microsoft Visual Studio Solution File, Format Version 12.00
# Visual Studio Version 18
VisualStudioVersion = 18.4.11513.90
MinimumVisualStudioVersion = 10.0.40219.1
Project("{FAE04EC0-301F-11D3-BF4B-00C04F79EFBC}") = "TradeMVVM.IsinScanner", "TradeMVVM.IsinScanner\TradeMVVM.IsinScanner.csproj", "{2DB83D40-627A-2F5C-201A-484B9B506480}"
EndProject
Project("{FAE04EC0-301F-11D3-BF4B-00C04F79EFBC}") = "TradeMVVM.ReadHoldings", "TradeMVVM.ReadHoldings\TradeMVVM.ReadHoldings.csproj", "{45BB8903-B8F9-4B9E-8DC5-CC133CD3B6E5}"
EndProject
Global
	GlobalSection(SolutionConfigurationPlatforms) = preSolution
		Debug|Any CPU = Debug|Any CPU
		Debug|x64 = Debug|x64
		Debug|x86 = Debug|x86
		Release|Any CPU = Release|Any CPU
		Release|x64 = Release|x64
		Release|x86 = Release|x86
	EndGlobalSection
	GlobalSection(ProjectConfigurationPlatforms) = postSolution
		{2DB83D40-627A-2F5C-201A-484B9B506480}.Debug|Any CPU.ActiveCfg = Debug|Any CPU
		{2DB83D40-627A-2F5C-201A-484B9B506480}.Debug|Any CPU.Build.0 = Debug|Any CPU
		{2DB83D40-627A-2F5C-201A-484B9B506480}.Debug|x64.ActiveCfg = Debug|Any CPU
		{2DB83D40-627A-2F5C-201A-484B9B506480}.Debug|x64.Build.0 = Debug|Any CPU
		{2DB83D40-627A-2F5C-201A-484B9B506480}.Debug|x86.ActiveCfg = Debug|Any CPU
		{2DB83D40-627A-2F5C-201A-484B9B506480}.Debug|x86.Build.0 = Debug|Any CPU
		{2DB83D40-627A-2F5C-201A-484B9B506480}.Release|Any CPU.ActiveCfg = Release|Any CPU
		{2DB83D40-627A-2F5C-201A-484B9B506480}.Release|Any CPU.Build.0 = Release|Any CPU
		{2DB83D40-627A-2F5C-201A-484B9B506480}.Release|x64.ActiveCfg = Release|Any CPU
		{2DB83D40-627A-2F5C-201A-484B9B506480}.Release|x64.Build.0 = Release|Any CPU
		{2DB83D40-627A-2F5C-201A-484B9B506480}.Release|x86.ActiveCfg = Release|Any CPU
		{2DB83D40-627A-2F5C-201A-484B9B506480}.Release|x86.Build.0 = Release|Any CPU
		{45BB8903-B8F9-4B9E-8DC5-CC133CD3B6E5}.Debug|Any CPU.ActiveCfg = Debug|Any CPU
		{45BB8903-B8F9-4B9E-8DC5-CC133CD3B6E5}.Debug|Any CPU.Build.0 = Debug|Any CPU
		{45BB8903-B8F9-4B9E-8DC5-CC133CD3B6E5}.Debug|x64.ActiveCfg = Debug|Any CPU
		{45BB8903-B8F9-4B9E-8DC5-CC133CD3B6E5}.Debug|x64.Build.0 = Debug|Any CPU
		{45BB8903-B8F9-4B9E-8DC5-CC133CD3B6E5}.Debug|x86.ActiveCfg = Debug|Any CPU
		{45BB8903-B8F9-4B9E-8DC5-CC133CD3B6E5}.Debug|x86.Build.0 = Debug|Any CPU
		{45BB8903-B8F9-4B9E-8DC5-CC133CD3B6E5}.Release|Any CPU.ActiveCfg = Release|Any CPU
		{45BB8903-B8F9-4B9E-8DC5-CC133CD3B6E5}.Release|Any CPU.Build.0 = Release|Any CPU
		{45BB8903-B8F9-4B9E-8DC5-CC133CD3B6E5}.Release|x64.ActiveCfg = Release|Any CPU
		{45BB8903-B8F9-4B9E-8DC5-CC133CD3B6E5}.Release|x64.Build.0 = Release|Any CPU
		{45BB8903-B8F9-4B9E-8DC5-CC133CD3B6E5}.Release|x86.ActiveCfg = Release|Any CPU
		{45BB8903-B8F9-4B9E-8DC5-CC133CD3B6E5}.Release|x86.Build.0 = Release|Any CPU
	EndGlobalSection
	GlobalSection(SolutionProperties) = preSolution
		HideSolutionNode = FALSE
	EndGlobalSection
	GlobalSection(ExtensibilityGlobals) = postSolution
		SolutionGuid = {0449C68B-46A6-43F3-BC4F-C37ADEF28B06}
	EndGlobalSection
EndGlobal
